
Microsoft Visual Studio Solution File, Format Version 12.00
# Visual Studio 2012
Project("{6141683F-8A12-4E36-9623-2EB02B2C2303}") = "TsSoft.AspNet.Utils.Setup", "TsSoft.AspNet.Utils.Setup\TsSoft.AspNet.Utils.Setup.isproj", "{A9C42FAC-F95C-4D7E-B9E1-233320907B15}"
EndProject
Global
	GlobalSection(SolutionConfigurationPlatforms) = preSolution
		CD_ROM|Default = CD_ROM|Default
		DVD-5|Default = DVD-5|Default
		SingleImage|Default = SingleImage|Default
	EndGlobalSection
	GlobalSection(ProjectConfigurationPlatforms) = postSolution
		{A9C42FAC-F95C-4D7E-B9E1-233320907B15}.CD_ROM|Default.ActiveCfg = SingleImage
		{A9C42FAC-F95C-4D7E-B9E1-233320907B15}.CD_ROM|Default.Build.0 = SingleImage
		{A9C42FAC-F95C-4D7E-B9E1-233320907B15}.DVD-5|Default.ActiveCfg = DVD-5
		{A9C42FAC-F95C-4D7E-B9E1-233320907B15}.DVD-5|Default.Build.0 = DVD-5
		{A9C42FAC-F95C-4D7E-B9E1-233320907B15}.SingleImage|Default.ActiveCfg = SingleImage
		{A9C42FAC-F95C-4D7E-B9E1-233320907B15}.SingleImage|Default.Build.0 = SingleImage
	EndGlobalSection
	GlobalSection(SolutionProperties) = preSolution
		HideSolutionNode = FALSE
	EndGlobalSection
EndGlobal
